
Microsoft Visual Studio Solution File, Format Version 12.00
# Visual Studio Version 16
VisualStudioVersion = 16.0.31313.79
MinimumVisualStudioVersion = 10.0.40219.1
Project("{FAE04EC0-301F-11D3-BF4B-00C04F79EFBC}") = "Metodos y Arrays - C2 Ej11", "Metodos y Arrays - C2 Ej11\Metodos y Arrays - C2 Ej11.csproj", "{F6B5E72D-7D9E-4F77-B104-5C1763526BBC}"
EndProject
Global
	GlobalSection(SolutionConfigurationPlatforms) = preSolution
		Debug|Any CPU = Debug|Any CPU
		Release|Any CPU = Release|Any CPU
	EndGlobalSection
	GlobalSection(ProjectConfigurationPlatforms) = postSolution
		{F6B5E72D-7D9E-4F77-B104-5C1763526BBC}.Debug|Any CPU.ActiveCfg = Debug|Any CPU
		{F6B5E72D-7D9E-4F77-B104-5C1763526BBC}.Debug|Any CPU.Build.0 = Debug|Any CPU
		{F6B5E72D-7D9E-4F77-B104-5C1763526BBC}.Release|Any CPU.ActiveCfg = Release|Any CPU
		{F6B5E72D-7D9E-4F77-B104-5C1763526BBC}.Release|Any CPU.Build.0 = Release|Any CPU
	EndGlobalSection
	GlobalSection(SolutionProperties) = preSolution
		HideSolutionNode = FALSE
	EndGlobalSection
	GlobalSection(ExtensibilityGlobals) = postSolution
		SolutionGuid = {2BEB6B8F-3E52-4B06-86F1-E119C17BB9E1}
	EndGlobalSection
EndGlobal
